
Microsoft Visual Studio Solution File, Format Version 12.00
# Visual Studio Version 17
VisualStudioVersion = 17.6.33829.357
MinimumVisualStudioVersion = 10.0.40219.1
Project("{FAE04EC0-301F-11D3-BF4B-00C04F79EFBC}") = "CFria_HorasExtra", "CFria_HorasExtra\CFria_HorasExtra.csproj", "{59ACED35-1E2D-4096-A303-85E453593C1B}"
EndProject
Global
	GlobalSection(SolutionConfigurationPlatforms) = preSolution
		Debug|Any CPU = Debug|Any CPU
		Release|Any CPU = Release|Any CPU
	EndGlobalSection
	GlobalSection(ProjectConfigurationPlatforms) = postSolution
		{59ACED35-1E2D-4096-A303-85E453593C1B}.Debug|Any CPU.ActiveCfg = Debug|Any CPU
		{59ACED35-1E2D-4096-A303-85E453593C1B}.Debug|Any CPU.Build.0 = Debug|Any CPU
		{59ACED35-1E2D-4096-A303-85E453593C1B}.Release|Any CPU.ActiveCfg = Release|Any CPU
		{59ACED35-1E2D-4096-A303-85E453593C1B}.Release|Any CPU.Build.0 = Release|Any CPU
	EndGlobalSection
	GlobalSection(SolutionProperties) = preSolution
		HideSolutionNode = FALSE
	EndGlobalSection
	GlobalSection(ExtensibilityGlobals) = postSolution
		SolutionGuid = {EEEDFFA3-8867-4C8D-A5B8-D8C3B2F36D9C}
	EndGlobalSection
EndGlobal
